{
  "nodes": {
    "devloop": {
      "flake": false,
      "locked": {
        "lastModified": 1789494337,
        "narHash": "sha256-Yt49MTezyPr0ZexQVn+h7cngx81El6zzzb1TOksElf0=",
        "owner": "mozufu",
        "repo": "devloop",
        "rev": "c78fcf345de424469196297d2be7b479fbb31a71",
        "type": "github"
      },
      "original": {
        "owner": "mozufu",
        "repo": "devloop",
        "rev": "c78fcf345de424469196297d2be7b479fbb31a71",
        "type": "github"
      }
    },
    "myque": {
      "inputs": {
        "nixpkgs": [
          "nixpkgs"
        ]
      },
      "locked": {
        "lastModified": 1789494003,
        "narHash": "sha256-j552MCvxi6WeV3aMaXkSHimo3O7vnbdMbeOOZ5bqXOY=",
        "owner": "mozufu",
        "repo": "myque",
        "rev": "d25241fcbf1d6b1e06283717c246576e88f6fa5d",
        "type": "github"
      },
      "original": {
        "owner": "mozufu",
        "repo": "myque",
        "rev": "d25241fcbf1d6b1e06283717c246576e88f6fa5d",
        "type": "github"
      }
    },
    "myque-gh": {
      "inputs": {
        "myque": "myque_2",
        "nixpkgs": [
          "nixpkgs"
        ]
      },
      "locked": {
        "lastModified": 1789494222,
        "narHash": "sha256-uU3FFKiUWGxGGGLt8z1GuIXBVHnT6b+6yF2h9wgBvCU=",
        "owner": "mozufu",
        "repo": "myque-gh",
        "rev": "376fe90742c11bc0a60236ad327a769dac2b9e13",
        "type": "github"
      },
      "original": {
        "owner": "mozufu",
        "repo": "myque-gh",
        "rev": "376fe90742c11bc0a60236ad327a769dac2b9e13",
        "type": "github"
      }
    },
    "myque_2": {
      "inputs": {
        "nixpkgs": [
          "myque-gh",
          "nixpkgs"
        ]
      },
      "locked": {
        "lastModified": 1789494003,
        "narHash": "sha256-j552MCvxi6WeV3aMaXkSHimo3O7vnbdMbeOOZ5bqXOY=",
        "owner": "mozufu",
        "repo": "myque",
        "rev": "d25241fcbf1d6b1e06283717c246576e88f6fa5d",
        "type": "github"
      },
      "original": {
        "owner": "mozufu",
        "repo": "myque",
        "rev": "d25241fcbf1d6b1e06283717c246576e88f6fa5d",
        "type": "github"
      }
    },
    "nixpkgs": {
      "locked": {
        "lastModified": 1784120854,
        "narHash": "sha256-KesHgItiZPgGX740axSiQLcIQ8D24MDqNpkKYWIek8k=",
        "owner": "NixOS",
        "repo": "nixpkgs",
        "rev": "753cc8a3a87467296ddd1fa93f0cc3e81120ee46",
        "type": "github"
      },
      "original": {
        "owner": "NixOS",
        "ref": "nixos-unstable",
        "repo": "nixpkgs",
        "type": "github"
      }
    },
    "root": {
      "inputs": {
        "devloop": "devloop",
        "myque": "myque",
        "myque-gh": "myque-gh",
        "nixpkgs": "nixpkgs",
        "rust-overlay": "rust-overlay",
        "zutai": "zutai"
      }
    },
    "rust-overlay": {
      "inputs": {
        "nixpkgs": [
          "nixpkgs"
        ]
      },
      "locked": {
        "lastModified": 1787926460,
        "narHash": "sha256-Rf2+5+ACRsI0xBicCraxsBtfSaQ93Br0Nr22nWimkS4=",
        "owner": "oxalica",
        "repo": "rust-overlay",
        "rev": "04ceec130b3a935d01584d4b1a68a366919674a9",
        "type": "github"
      },
      "original": {
        "owner": "oxalica",
        "repo": "rust-overlay",
        "type": "github"
      }
    },
    "zutai": {
      "flake": false,
      "locked": {
        "lastModified": 1787659589,
        "narHash": "sha256-cY7O+axK8Mmr0dMltEJWiS8podWIxdcWi7O6jf8fNW0=",
        "owner": "iceice666",
        "repo": "zutai",
        "rev": "9026fcff5f12e7b2377c25b3d389c2eb06d98e5a",
        "type": "github"
      },
      "original": {
        "owner": "iceice666",
        "repo": "zutai",
        "rev": "9026fcff5f12e7b2377c25b3d389c2eb06d98e5a",
        "type": "github"
      }
    }
  },
  "root": "root",
  "version": 7
}
