# This file is automatically @generated by Cargo.
# It is not intended for manual editing.
version = 4

[[package]]
name = "slime-components"
version = "0.1.0"
dependencies = [
 "slime-proto",
 "slime-rt",
]

[[package]]
name = "slime-proto"
version = "0.1.0"

[[package]]
name = "slime-rt"
version = "0.1.0"
